
Microsoft Visual Studio Solution File, Format Version 12.00
# Visual Studio Version 17
VisualStudioVersion = 17.1.32414.318
MinimumVisualStudioVersion = 10.0.40219.1
Project("{FAE04EC0-301F-11D3-BF4B-00C04F79EFBC}") = "LabAspMvc", "LabAspMvc.csproj", "{EEA2049B-8E80-48F3-81AC-0B3EDA3AE1C5}"
EndProject
Global
	GlobalSection(SolutionConfigurationPlatforms) = preSolution
		Debug|Any CPU = Debug|Any CPU
		Release|Any CPU = Release|Any CPU
	EndGlobalSection
	GlobalSection(ProjectConfigurationPlatforms) = postSolution
		{EEA2049B-8E80-48F3-81AC-0B3EDA3AE1C5}.Debug|Any CPU.ActiveCfg = Debug|Any CPU
		{EEA2049B-8E80-48F3-81AC-0B3EDA3AE1C5}.Debug|Any CPU.Build.0 = Debug|Any CPU
		{EEA2049B-8E80-48F3-81AC-0B3EDA3AE1C5}.Release|Any CPU.ActiveCfg = Release|Any CPU
		{EEA2049B-8E80-48F3-81AC-0B3EDA3AE1C5}.Release|Any CPU.Build.0 = Release|Any CPU
	EndGlobalSection
	GlobalSection(SolutionProperties) = preSolution
		HideSolutionNode = FALSE
	EndGlobalSection
	GlobalSection(ExtensibilityGlobals) = postSolution
		SolutionGuid = {8BD4286B-E83C-429B-918B-E8DAFC7802D2}
	EndGlobalSection
EndGlobal
